
Microsoft Visual Studio Solution File, Format Version 12.00
# Visual Studio Version 17
VisualStudioVersion = 17.11.35222.181
MinimumVisualStudioVersion = 10.0.40219.1
Project("{FAE04EC0-301F-11D3-BF4B-00C04F79EFBC}") = "NewTalents", "NewTalents.csproj", "{5EB6A8A2-A945-4452-94E9-F5B8B0DC941D}"
EndProject
Project("{FAE04EC0-301F-11D3-BF4B-00C04F79EFBC}") = "TestNewTalents", "..\TestNewTalents\TestNewTalents.csproj", "{7B44C4DB-52E0-408F-A272-40B6836BFDB2}"
EndProject
Global
	GlobalSection(SolutionConfigurationPlatforms) = preSolution
		Debug|Any CPU = Debug|Any CPU
		Release|Any CPU = Release|Any CPU
	EndGlobalSection
	GlobalSection(ProjectConfigurationPlatforms) = postSolution
		{5EB6A8A2-A945-4452-94E9-F5B8B0DC941D}.Debug|Any CPU.ActiveCfg = Debug|Any CPU
		{5EB6A8A2-A945-4452-94E9-F5B8B0DC941D}.Debug|Any CPU.Build.0 = Debug|Any CPU
		{5EB6A8A2-A945-4452-94E9-F5B8B0DC941D}.Release|Any CPU.ActiveCfg = Release|Any CPU
		{5EB6A8A2-A945-4452-94E9-F5B8B0DC941D}.Release|Any CPU.Build.0 = Release|Any CPU
		{7B44C4DB-52E0-408F-A272-40B6836BFDB2}.Debug|Any CPU.ActiveCfg = Debug|Any CPU
		{7B44C4DB-52E0-408F-A272-40B6836BFDB2}.Debug|Any CPU.Build.0 = Debug|Any CPU
		{7B44C4DB-52E0-408F-A272-40B6836BFDB2}.Release|Any CPU.ActiveCfg = Release|Any CPU
		{7B44C4DB-52E0-408F-A272-40B6836BFDB2}.Release|Any CPU.Build.0 = Release|Any CPU
	EndGlobalSection
	GlobalSection(SolutionProperties) = preSolution
		HideSolutionNode = FALSE
	EndGlobalSection
	GlobalSection(ExtensibilityGlobals) = postSolution
		SolutionGuid = {219E07E7-869B-4129-A7BC-2822D7E08B4B}
	EndGlobalSection
EndGlobal
